
Microsoft Visual Studio Solution File, Format Version 12.00
# Visual Studio 2013
VisualStudioVersion = 12.0.31101.0
MinimumVisualStudioVersion = 10.0.40219.1
Project("{FAE04EC0-301F-11D3-BF4B-00C04F79EFBC}") = "ConnectSdk.Windows", "ConnectSdk.Windows\ConnectSdk.Windows.csproj", "{CC946AFF-1338-4A99-8BFA-3D028BDB1E38}"
EndProject
Global
	GlobalSection(SolutionConfigurationPlatforms) = preSolution
		Debug|Any CPU = Debug|Any CPU
		Release|Any CPU = Release|Any CPU
	EndGlobalSection
	GlobalSection(ProjectConfigurationPlatforms) = postSolution
		{CC946AFF-1338-4A99-8BFA-3D028BDB1E38}.Debug|Any CPU.ActiveCfg = Debug|Any CPU
		{CC946AFF-1338-4A99-8BFA-3D028BDB1E38}.Debug|Any CPU.Build.0 = Debug|Any CPU
		{CC946AFF-1338-4A99-8BFA-3D028BDB1E38}.Release|Any CPU.ActiveCfg = Release|Any CPU
		{CC946AFF-1338-4A99-8BFA-3D028BDB1E38}.Release|Any CPU.Build.0 = Release|Any CPU
	EndGlobalSection
	GlobalSection(SolutionProperties) = preSolution
		HideSolutionNode = FALSE
	EndGlobalSection
EndGlobal
